
Microsoft Visual Studio Solution File, Format Version 12.00
# Visual Studio 15
VisualStudioVersion = 15.0.27703.2035
MinimumVisualStudioVersion = 10.0.40219.1
Project("{8BC9CEB8-8B4A-11D0-8D11-00A0C91BC942}") = "Demo", "Demo\Demo.vcxproj", "{9F2E1B90-1E99-411F-9E25-9EA6F1AA53B6}"
EndProject
Global
	GlobalSection(SolutionConfigurationPlatforms) = preSolution
		Debug|x64 = Debug|x64
		Debug|x86 = Debug|x86
		Release|x64 = Release|x64
		Release|x86 = Release|x86
	EndGlobalSection
	GlobalSection(ProjectConfigurationPlatforms) = postSolution
		{9F2E1B90-1E99-411F-9E25-9EA6F1AA53B6}.Debug|x64.ActiveCfg = Debug|x64
		{9F2E1B90-1E99-411F-9E25-9EA6F1AA53B6}.Debug|x64.Build.0 = Debug|x64
		{9F2E1B90-1E99-411F-9E25-9EA6F1AA53B6}.Debug|x86.ActiveCfg = Debug|Win32
		{9F2E1B90-1E99-411F-9E25-9EA6F1AA53B6}.Debug|x86.Build.0 = Debug|Win32
		{9F2E1B90-1E99-411F-9E25-9EA6F1AA53B6}.Release|x64.ActiveCfg = Release|x64
		{9F2E1B90-1E99-411F-9E25-9EA6F1AA53B6}.Release|x64.Build.0 = Release|x64
		{9F2E1B90-1E99-411F-9E25-9EA6F1AA53B6}.Release|x86.ActiveCfg = Release|Win32
		{9F2E1B90-1E99-411F-9E25-9EA6F1AA53B6}.Release|x86.Build.0 = Release|Win32
	EndGlobalSection
	GlobalSection(SolutionProperties) = preSolution
		HideSolutionNode = FALSE
	EndGlobalSection
	GlobalSection(ExtensibilityGlobals) = postSolution
		SolutionGuid = {AC77F837-13E4-411A-97DE-EC84FC7935E3}
	EndGlobalSection
EndGlobal
